
Microsoft Visual Studio Solution File, Format Version 12.00
# Visual Studio Version 17
VisualStudioVersion = 17.14.36511.14
MinimumVisualStudioVersion = 10.0.40219.1
Project("{FAE04EC0-301F-11D3-BF4B-00C04F79EFBC}") = "Growtify.API", "Growtify.API\Growtify.API.csproj", "{5E8A5F1A-8BD0-44DC-BEAD-F8FE8AE0F879}"
EndProject
Project("{FAE04EC0-301F-11D3-BF4B-00C04F79EFBC}") = "Growtify.Domain", "Growtify.Domain\Growtify.Domain.csproj", "{C16A1C51-CFC2-4B93-B8DD-D79454E9FC27}"
EndProject
Project("{FAE04EC0-301F-11D3-BF4B-00C04F79EFBC}") = "Growtify.Application", "Growtify.Application\Growtify.Application.csproj", "{71BB7D49-1028-4FC4-945E-E939C44F74C6}"
EndProject
Project("{FAE04EC0-301F-11D3-BF4B-00C04F79EFBC}") = "Growtify.Infrastructure", "Growtify.Infrastructure\Growtify.Infrastructure.csproj", "{DE5D2344-AE22-4093-8B19-A402189FB107}"
EndProject
Global
	GlobalSection(SolutionConfigurationPlatforms) = preSolution
		Debug|Any CPU = Debug|Any CPU
		Release|Any CPU = Release|Any CPU
	EndGlobalSection
	GlobalSection(ProjectConfigurationPlatforms) = postSolution
		{5E8A5F1A-8BD0-44DC-BEAD-F8FE8AE0F879}.Debug|Any CPU.ActiveCfg = Debug|Any CPU
		{5E8A5F1A-8BD0-44DC-BEAD-F8FE8AE0F879}.Debug|Any CPU.Build.0 = Debug|Any CPU
		{5E8A5F1A-8BD0-44DC-BEAD-F8FE8AE0F879}.Release|Any CPU.ActiveCfg = Release|Any CPU
		{5E8A5F1A-8BD0-44DC-BEAD-F8FE8AE0F879}.Release|Any CPU.Build.0 = Release|Any CPU
		{C16A1C51-CFC2-4B93-B8DD-D79454E9FC27}.Debug|Any CPU.ActiveCfg = Debug|Any CPU
		{C16A1C51-CFC2-4B93-B8DD-D79454E9FC27}.Debug|Any CPU.Build.0 = Debug|Any CPU
		{C16A1C51-CFC2-4B93-B8DD-D79454E9FC27}.Release|Any CPU.ActiveCfg = Release|Any CPU
		{C16A1C51-CFC2-4B93-B8DD-D79454E9FC27}.Release|Any CPU.Build.0 = Release|Any CPU
		{71BB7D49-1028-4FC4-945E-E939C44F74C6}.Debug|Any CPU.ActiveCfg = Debug|Any CPU
		{71BB7D49-1028-4FC4-945E-E939C44F74C6}.Debug|Any CPU.Build.0 = Debug|Any CPU
		{71BB7D49-1028-4FC4-945E-E939C44F74C6}.Release|Any CPU.ActiveCfg = Release|Any CPU
		{71BB7D49-1028-4FC4-945E-E939C44F74C6}.Release|Any CPU.Build.0 = Release|Any CPU
		{DE5D2344-AE22-4093-8B19-A402189FB107}.Debug|Any CPU.ActiveCfg = Debug|Any CPU
		{DE5D2344-AE22-4093-8B19-A402189FB107}.Debug|Any CPU.Build.0 = Debug|Any CPU
		{DE5D2344-AE22-4093-8B19-A402189FB107}.Release|Any CPU.ActiveCfg = Release|Any CPU
		{DE5D2344-AE22-4093-8B19-A402189FB107}.Release|Any CPU.Build.0 = Release|Any CPU
	EndGlobalSection
	GlobalSection(SolutionProperties) = preSolution
		HideSolutionNode = FALSE
	EndGlobalSection
	GlobalSection(ExtensibilityGlobals) = postSolution
		SolutionGuid = {5C244C38-2346-49C8-ADAE-88C43708753C}
	EndGlobalSection
EndGlobal
